Microsoft Visual Studio Solution File, Format Version 12.00
# Visual Studio Version 17
VisualStudioVersion = 17.0.31903.59
MinimumVisualStudioVersion = 10.0.40219.1
Project("{2150E333-8FDC-42A3-9474-1A3956D46DE8}") = "src", "src", "{E697D8EF-74E0-4FD9-B5ED-2A51980B5A7A}"
EndProject
Project("{FAE04EC0-301F-11D3-BF4B-00C04F79EFBC}") = "Chirp.Web", "src\Chirp.Web\Chirp.Web.csproj", "{FD18B5D8-4A03-4893-986A-137759080F87}"
EndProject
Project("{FAE04EC0-301F-11D3-BF4B-00C04F79EFBC}") = "Chirp.Core", "src\Chirp.Core\Chirp.Core.csproj", "{F3DAD181-8F27-499A-9B41-43140A58C02A}"
EndProject
Project("{FAE04EC0-301F-11D3-BF4B-00C04F79EFBC}") = "Chirp.Infrastructure", "src\Chirp.Infrastructure\Chirp.Infrastructure.csproj", "{0CCEB382-E237-4C8C-AC70-329C04246007}"
EndProject
Project("{2150E333-8FDC-42A3-9474-1A3956D46DE8}") = "test", "test", "{1FD846CD-2548-404D-8F87-D376B16FEB48}"
EndProject
Project("{FAE04EC0-301F-11D3-BF4B-00C04F79EFBC}") = "Chirp.Tests", "test\Chirp.Tests\Chirp.Tests.csproj", "{AA4F5D8B-4BA5-4520-85C2-E6B5A00A2933}"
EndProject
Project("{FAE04EC0-301F-11D3-BF4B-00C04F79EFBC}") = "Chirp.PlaywrightTests", "test\Chirp.PlaywrightTests\Chirp.PlaywrightTests.csproj", "{3DE97F42-BA6F-40A5-BECD-64099F3B687C}"
EndProject
Global
	GlobalSection(SolutionConfigurationPlatforms) = preSolution
		Debug|Any CPU = Debug|Any CPU
		Release|Any CPU = Release|Any CPU
	EndGlobalSection
	GlobalSection(SolutionProperties) = preSolution
		HideSolutionNode = FALSE
	EndGlobalSection
	GlobalSection(ProjectConfigurationPlatforms) = postSolution
		{CC075D5F-DCD7-43C8-A40F-FCC0EAF69470}.Debug|Any CPU.ActiveCfg = Debug|Any CPU
		{CC075D5F-DCD7-43C8-A40F-FCC0EAF69470}.Debug|Any CPU.Build.0 = Debug|Any CPU
		{CC075D5F-DCD7-43C8-A40F-FCC0EAF69470}.Release|Any CPU.ActiveCfg = Release|Any CPU
		{CC075D5F-DCD7-43C8-A40F-FCC0EAF69470}.Release|Any CPU.Build.0 = Release|Any CPU
		{6DB7A1AB-DE5D-41CB-BC30-D8F5A740DA2F}.Debug|Any CPU.ActiveCfg = Debug|Any CPU
		{6DB7A1AB-DE5D-41CB-BC30-D8F5A740DA2F}.Debug|Any CPU.Build.0 = Debug|Any CPU
		{6DB7A1AB-DE5D-41CB-BC30-D8F5A740DA2F}.Release|Any CPU.ActiveCfg = Release|Any CPU
		{6DB7A1AB-DE5D-41CB-BC30-D8F5A740DA2F}.Release|Any CPU.Build.0 = Release|Any CPU
		{5EF67860-772F-4BD7-A770-0539A29311EC}.Debug|Any CPU.ActiveCfg = Debug|Any CPU
		{5EF67860-772F-4BD7-A770-0539A29311EC}.Debug|Any CPU.Build.0 = Debug|Any CPU
		{5EF67860-772F-4BD7-A770-0539A29311EC}.Release|Any CPU.ActiveCfg = Release|Any CPU
		{5EF67860-772F-4BD7-A770-0539A29311EC}.Release|Any CPU.Build.0 = Release|Any CPU
		{FD18B5D8-4A03-4893-986A-137759080F87}.Debug|Any CPU.ActiveCfg = Debug|Any CPU
		{FD18B5D8-4A03-4893-986A-137759080F87}.Debug|Any CPU.Build.0 = Debug|Any CPU
		{FD18B5D8-4A03-4893-986A-137759080F87}.Release|Any CPU.ActiveCfg = Release|Any CPU
		{FD18B5D8-4A03-4893-986A-137759080F87}.Release|Any CPU.Build.0 = Release|Any CPU
		{F3DAD181-8F27-499A-9B41-43140A58C02A}.Debug|Any CPU.ActiveCfg = Debug|Any CPU
		{F3DAD181-8F27-499A-9B41-43140A58C02A}.Debug|Any CPU.Build.0 = Debug|Any CPU
		{F3DAD181-8F27-499A-9B41-43140A58C02A}.Release|Any CPU.ActiveCfg = Release|Any CPU
		{F3DAD181-8F27-499A-9B41-43140A58C02A}.Release|Any CPU.Build.0 = Release|Any CPU
		{0CCEB382-E237-4C8C-AC70-329C04246007}.Debug|Any CPU.ActiveCfg = Debug|Any CPU
		{0CCEB382-E237-4C8C-AC70-329C04246007}.Debug|Any CPU.Build.0 = Debug|Any CPU
		{0CCEB382-E237-4C8C-AC70-329C04246007}.Release|Any CPU.ActiveCfg = Release|Any CPU
		{0CCEB382-E237-4C8C-AC70-329C04246007}.Release|Any CPU.Build.0 = Release|Any CPU
		{AA4F5D8B-4BA5-4520-85C2-E6B5A00A2933}.Debug|Any CPU.ActiveCfg = Debug|Any CPU
		{AA4F5D8B-4BA5-4520-85C2-E6B5A00A2933}.Debug|Any CPU.Build.0 = Debug|Any CPU
		{AA4F5D8B-4BA5-4520-85C2-E6B5A00A2933}.Release|Any CPU.ActiveCfg = Release|Any CPU
		{AA4F5D8B-4BA5-4520-85C2-E6B5A00A2933}.Release|Any CPU.Build.0 = Release|Any CPU
		{3DE97F42-BA6F-40A5-BECD-64099F3B687C}.Debug|Any CPU.ActiveCfg = Debug|Any CPU
		{3DE97F42-BA6F-40A5-BECD-64099F3B687C}.Debug|Any CPU.Build.0 = Debug|Any CPU
		{3DE97F42-BA6F-40A5-BECD-64099F3B687C}.Release|Any CPU.ActiveCfg = Release|Any CPU
		{3DE97F42-BA6F-40A5-BECD-64099F3B687C}.Release|Any CPU.Build.0 = Release|Any CPU
	EndGlobalSection
	GlobalSection(NestedProjects) = preSolution
		{FD18B5D8-4A03-4893-986A-137759080F87} = {E697D8EF-74E0-4FD9-B5ED-2A51980B5A7A}
		{F3DAD181-8F27-499A-9B41-43140A58C02A} = {E697D8EF-74E0-4FD9-B5ED-2A51980B5A7A}
		{0CCEB382-E237-4C8C-AC70-329C04246007} = {E697D8EF-74E0-4FD9-B5ED-2A51980B5A7A}
		{AA4F5D8B-4BA5-4520-85C2-E6B5A00A2933} = {1FD846CD-2548-404D-8F87-D376B16FEB48}
		{3DE97F42-BA6F-40A5-BECD-64099F3B687C} = {1FD846CD-2548-404D-8F87-D376B16FEB48}
	EndGlobalSection
EndGlobal
