
Microsoft Visual Studio Solution File, Format Version 12.00
# Visual Studio Version 17
VisualStudioVersion = 17.0.31903.59
MinimumVisualStudioVersion = 10.0.40219.1
Project("{2150E333-8FDC-42A3-9474-1A3956D46DE8}") = "src", "src", "{E697D8EF-74E0-4FD9-B5ED-2A51980B5A7A}"
EndProject
Project("{FAE04EC0-301F-11D3-BF4B-00C04F79EFBC}") = "Chirp.CSVDBService", "src\Chirp.CSVDBService\Chirp.CSVDBService.csproj", "{CC075D5F-DCD7-43C8-A40F-FCC0EAF69470}"
EndProject
Project("{FAE04EC0-301F-11D3-BF4B-00C04F79EFBC}") = "SimpleDB", "src\SimpleDB\SimpleDB.csproj", "{6DB7A1AB-DE5D-41CB-BC30-D8F5A740DA2F}"
EndProject
Project("{FAE04EC0-301F-11D3-BF4B-00C04F79EFBC}") = "Chirp.Shared", "src\Chirp.Shared\Chirp.Shared.csproj", "{5EF67860-772F-4BD7-A770-0539A29311EC}"
EndProject
Project("{2150E333-8FDC-42A3-9474-1A3956D46DE8}") = "test", "test", "{3890D807-F57E-4B1B-9930-1A860245652F}"
EndProject
Project("{FAE04EC0-301F-11D3-BF4B-00C04F79EFBC}") = "Chirp.Cli.Tests", "test\Chirp.Cli.Tests\Chirp.Cli.Tests.csproj", "{BB98A9EC-7730-49AE-BE0D-E90E23E6C791}"
EndProject
Project("{FAE04EC0-301F-11D3-BF4B-00C04F79EFBC}") = "Chirp.Razor.Tests", "test\Chirp.Razor.Tests\Chirp.Razor.Tests.csproj", "{7336D406-4973-48F6-9365-10E6D477BA00}"
EndProject
Project("{FAE04EC0-301F-11D3-BF4B-00C04F79EFBC}") = "SimpleDB.Tests", "test\SimpleDB.Tests\SimpleDB.Tests.csproj", "{F6615C0B-20B6-41AF-895B-0CB8769EE437}"
EndProject
Global
	GlobalSection(SolutionConfigurationPlatforms) = preSolution
		Debug|Any CPU = Debug|Any CPU
		Release|Any CPU = Release|Any CPU
	EndGlobalSection
	GlobalSection(SolutionProperties) = preSolution
		HideSolutionNode = FALSE
	EndGlobalSection
	GlobalSection(ProjectConfigurationPlatforms) = postSolution
		{CC075D5F-DCD7-43C8-A40F-FCC0EAF69470}.Debug|Any CPU.ActiveCfg = Debug|Any CPU
		{CC075D5F-DCD7-43C8-A40F-FCC0EAF69470}.Debug|Any CPU.Build.0 = Debug|Any CPU
		{CC075D5F-DCD7-43C8-A40F-FCC0EAF69470}.Release|Any CPU.ActiveCfg = Release|Any CPU
		{CC075D5F-DCD7-43C8-A40F-FCC0EAF69470}.Release|Any CPU.Build.0 = Release|Any CPU
		{6DB7A1AB-DE5D-41CB-BC30-D8F5A740DA2F}.Debug|Any CPU.ActiveCfg = Debug|Any CPU
		{6DB7A1AB-DE5D-41CB-BC30-D8F5A740DA2F}.Debug|Any CPU.Build.0 = Debug|Any CPU
		{6DB7A1AB-DE5D-41CB-BC30-D8F5A740DA2F}.Release|Any CPU.ActiveCfg = Release|Any CPU
		{6DB7A1AB-DE5D-41CB-BC30-D8F5A740DA2F}.Release|Any CPU.Build.0 = Release|Any CPU
		{5EF67860-772F-4BD7-A770-0539A29311EC}.Debug|Any CPU.ActiveCfg = Debug|Any CPU
		{5EF67860-772F-4BD7-A770-0539A29311EC}.Debug|Any CPU.Build.0 = Debug|Any CPU
		{5EF67860-772F-4BD7-A770-0539A29311EC}.Release|Any CPU.ActiveCfg = Release|Any CPU
		{5EF67860-772F-4BD7-A770-0539A29311EC}.Release|Any CPU.Build.0 = Release|Any CPU
		{BB98A9EC-7730-49AE-BE0D-E90E23E6C791}.Debug|Any CPU.ActiveCfg = Debug|Any CPU
		{BB98A9EC-7730-49AE-BE0D-E90E23E6C791}.Debug|Any CPU.Build.0 = Debug|Any CPU
		{BB98A9EC-7730-49AE-BE0D-E90E23E6C791}.Release|Any CPU.ActiveCfg = Release|Any CPU
		{BB98A9EC-7730-49AE-BE0D-E90E23E6C791}.Release|Any CPU.Build.0 = Release|Any CPU
		{7336D406-4973-48F6-9365-10E6D477BA00}.Debug|Any CPU.ActiveCfg = Debug|Any CPU
		{7336D406-4973-48F6-9365-10E6D477BA00}.Debug|Any CPU.Build.0 = Debug|Any CPU
		{7336D406-4973-48F6-9365-10E6D477BA00}.Release|Any CPU.ActiveCfg = Release|Any CPU
		{7336D406-4973-48F6-9365-10E6D477BA00}.Release|Any CPU.Build.0 = Release|Any CPU
		{F6615C0B-20B6-41AF-895B-0CB8769EE437}.Debug|Any CPU.ActiveCfg = Debug|Any CPU
		{F6615C0B-20B6-41AF-895B-0CB8769EE437}.Debug|Any CPU.Build.0 = Debug|Any CPU
		{F6615C0B-20B6-41AF-895B-0CB8769EE437}.Release|Any CPU.ActiveCfg = Release|Any CPU
		{F6615C0B-20B6-41AF-895B-0CB8769EE437}.Release|Any CPU.Build.0 = Release|Any CPU
	EndGlobalSection
	GlobalSection(NestedProjects) = preSolution
		{CC075D5F-DCD7-43C8-A40F-FCC0EAF69470} = {E697D8EF-74E0-4FD9-B5ED-2A51980B5A7A}
		{6DB7A1AB-DE5D-41CB-BC30-D8F5A740DA2F} = {E697D8EF-74E0-4FD9-B5ED-2A51980B5A7A}
		{5EF67860-772F-4BD7-A770-0539A29311EC} = {E697D8EF-74E0-4FD9-B5ED-2A51980B5A7A}
		{BB98A9EC-7730-49AE-BE0D-E90E23E6C791} = {3890D807-F57E-4B1B-9930-1A860245652F}
		{7336D406-4973-48F6-9365-10E6D477BA00} = {3890D807-F57E-4B1B-9930-1A860245652F}
		{F6615C0B-20B6-41AF-895B-0CB8769EE437} = {3890D807-F57E-4B1B-9930-1A860245652F}
	EndGlobalSection
EndGlobal
