
Microsoft Visual Studio Solution File, Format Version 12.00
# Visual Studio Version 17
VisualStudioVersion = 17.0.31903.59
MinimumVisualStudioVersion = 10.0.40219.1
Project("{FAE04EC0-301F-11D3-BF4B-00C04F79EFBC}") = "Chirp.CLI", "src\Chirp.CLI\Chirp.CLI.csproj", "{C1D5592E-7AEC-4A7F-9DFB-BB557627D323}"
EndProject
Project("{FAE04EC0-301F-11D3-BF4B-00C04F79EFBC}") = "SimpleDB", "src\SimpleDB\SimpleDB.csproj", "{2DB01330-2F57-40C1-904B-9B7A7A4AA0AA}"
EndProject
Global
	GlobalSection(SolutionConfigurationPlatforms) = preSolution
		Debug|Any CPU = Debug|Any CPU
		Release|Any CPU = Release|Any CPU
	EndGlobalSection
	GlobalSection(SolutionProperties) = preSolution
		HideSolutionNode = FALSE
	EndGlobalSection
	GlobalSection(ProjectConfigurationPlatforms) = postSolution
		{C1D5592E-7AEC-4A7F-9DFB-BB557627D323}.Debug|Any CPU.ActiveCfg = Debug|Any CPU
		{C1D5592E-7AEC-4A7F-9DFB-BB557627D323}.Debug|Any CPU.Build.0 = Debug|Any CPU
		{C1D5592E-7AEC-4A7F-9DFB-BB557627D323}.Release|Any CPU.ActiveCfg = Release|Any CPU
		{C1D5592E-7AEC-4A7F-9DFB-BB557627D323}.Release|Any CPU.Build.0 = Release|Any CPU
		{2DB01330-2F57-40C1-904B-9B7A7A4AA0AA}.Debug|Any CPU.ActiveCfg = Debug|Any CPU
		{2DB01330-2F57-40C1-904B-9B7A7A4AA0AA}.Debug|Any CPU.Build.0 = Debug|Any CPU
		{2DB01330-2F57-40C1-904B-9B7A7A4AA0AA}.Release|Any CPU.ActiveCfg = Release|Any CPU
		{2DB01330-2F57-40C1-904B-9B7A7A4AA0AA}.Release|Any CPU.Build.0 = Release|Any CPU
	EndGlobalSection
EndGlobal
